
Microsoft Visual Studio Solution File, Format Version 12.00
# Visual Studio Version 16
VisualStudioVersion = 16.0.30907.101
MinimumVisualStudioVersion = 10.0.40219.1
Project("{8BC9CEB8-8B4A-11D0-8D11-00A0C91BC942}") = "Pointers", "Programming2.vcxproj", "{D5FFB023-054D-4691-9955-3256AFF4CDC1}"
EndProject
Project("{8BC9CEB8-8B4A-11D0-8D11-00A0C91BC942}") = "PointerAsArguments", "PointerAsArguments\PointerAsArguments.vcxproj", "{094926A4-E663-4A62-BCFF-9ED12BEEC409}"
EndProject
Project("{8BC9CEB8-8B4A-11D0-8D11-00A0C91BC942}") = "PointerArithmetics", "PointerArithmetics\PointerArithmetics.vcxproj", "{84C57AA8-AD4E-4077-A6F0-0C63D07AA105}"
EndProject
Project("{8BC9CEB8-8B4A-11D0-8D11-00A0C91BC942}") = "HomeworkEx5", "HomeworkEx5\HomeworkEx5.vcxproj", "{58AC793E-6FA5-46AF-A4DD-983D45AFED9D}"
EndProject
Project("{8BC9CEB8-8B4A-11D0-8D11-00A0C91BC942}") = "HomeworkEx4", "HomeworkEx4\HomeworkEx4.vcxproj", "{0B54833A-3357-4DDC-A412-311DC79239D8}"
EndProject
Project("{8BC9CEB8-8B4A-11D0-8D11-00A0C91BC942}") = "HomeworkEx3", "HomeworkEx3\HomeworkEx3.vcxproj", "{1DBC19D1-29A0-4147-8C9A-14F7D943B4AF}"
EndProject
Project("{8BC9CEB8-8B4A-11D0-8D11-00A0C91BC942}") = "HomeworkEx2", "HomeworkEx2\HomeworkEx2.vcxproj", "{0D7C3B6C-FE35-44BB-AFC8-8329DC950141}"
EndProject
Project("{8BC9CEB8-8B4A-11D0-8D11-00A0C91BC942}") = "HomeworkEx1", "HomeworkEx1\HomeworkEx1.vcxproj", "{508C5BBB-1235-4851-A55E-BAFE9D6EC716}"
EndProject
Project("{8BC9CEB8-8B4A-11D0-8D11-00A0C91BC942}") = "DynamicMemory", "DynamicMemory\DynamicMemory.vcxproj", "{8EDB59CC-182E-47B4-8602-7115B513780C}"
EndProject
Project("{8BC9CEB8-8B4A-11D0-8D11-00A0C91BC942}") = "BirdClass", "BirdClass\BirdClass.vcxproj", "{58D04A54-74EE-479B-9A0D-D70A4811C4D2}"
EndProject
Project("{8BC9CEB8-8B4A-11D0-8D11-00A0C91BC942}") = "Exercise6", "Exercise6\Exercise6.vcxproj", "{E983FD2B-37EB-4F3A-B264-37401BBEB565}"
EndProject
Project("{8BC9CEB8-8B4A-11D0-8D11-00A0C91BC942}") = "Exercise8", "Exercise8\Exercise8.vcxproj", "{F158AA5F-8EC3-4C45-916E-370F41781F75}"
EndProject
Project("{8BC9CEB8-8B4A-11D0-8D11-00A0C91BC942}") = "Exercise9", "Exercise9\Exercise9.vcxproj", "{A915B55B-B692-42A1-8575-C15FE8374942}"
EndProject
Project("{8BC9CEB8-8B4A-11D0-8D11-00A0C91BC942}") = "Exercise10", "Exercise10\Exercise10.vcxproj", "{68FB13AD-079D-487B-9405-58868A1A6D8C}"
EndProject
Project("{8BC9CEB8-8B4A-11D0-8D11-00A0C91BC942}") = "Exercise11", "Project1\Project1.vcxproj", "{E094BD69-59B8-4A95-B923-11D7FB0D04BE}"
EndProject
Project("{8BC9CEB8-8B4A-11D0-8D11-00A0C91BC942}") = "Exercise12", "Exercise12\Exercise12.vcxproj", "{58EFAA40-E269-4EF4-9092-B475277BA5C6}"
EndProject
Project("{8BC9CEB8-8B4A-11D0-8D11-00A0C91BC942}") = "Exercise13", "Exercise13\Exercise13.vcxproj", "{B9CB039F-F42D-4038-B4FB-799E1C38898C}"
EndProject
Project("{8BC9CEB8-8B4A-11D0-8D11-00A0C91BC942}") = "FriendsExercise", "FriendsExercise\FriendsExercise.vcxproj", "{373A18D5-301B-4CAD-BFE7-54A88A349152}"
EndProject
Project("{8BC9CEB8-8B4A-11D0-8D11-00A0C91BC942}") = "Exercise14", "Exercise14\Exercise14.vcxproj", "{BC0B50C7-4929-4C7B-8950-D641174C91C6}"
EndProject
Project("{8BC9CEB8-8B4A-11D0-8D11-00A0C91BC942}") = "Exercise15", "Exercise15\Exercise15.vcxproj", "{8BA84C84-B2A0-429B-95CE-EE1D3584BCE1}"
EndProject
Global
	GlobalSection(SolutionConfigurationPlatforms) = preSolution
		Debug|x64 = Debug|x64
		Debug|x86 = Debug|x86
		Release|x64 = Release|x64
		Release|x86 = Release|x86
	EndGlobalSection
	GlobalSection(ProjectConfigurationPlatforms) = postSolution
		{D5FFB023-054D-4691-9955-3256AFF4CDC1}.Debug|x64.ActiveCfg = Debug|x64
		{D5FFB023-054D-4691-9955-3256AFF4CDC1}.Debug|x64.Build.0 = Debug|x64
		{D5FFB023-054D-4691-9955-3256AFF4CDC1}.Debug|x86.ActiveCfg = Debug|Win32
		{D5FFB023-054D-4691-9955-3256AFF4CDC1}.Debug|x86.Build.0 = Debug|Win32
		{D5FFB023-054D-4691-9955-3256AFF4CDC1}.Release|x64.ActiveCfg = Release|x64
		{D5FFB023-054D-4691-9955-3256AFF4CDC1}.Release|x64.Build.0 = Release|x64
		{D5FFB023-054D-4691-9955-3256AFF4CDC1}.Release|x86.ActiveCfg = Release|Win32
		{D5FFB023-054D-4691-9955-3256AFF4CDC1}.Release|x86.Build.0 = Release|Win32
		{094926A4-E663-4A62-BCFF-9ED12BEEC409}.Debug|x64.ActiveCfg = Debug|x64
		{094926A4-E663-4A62-BCFF-9ED12BEEC409}.Debug|x64.Build.0 = Debug|x64
		{094926A4-E663-4A62-BCFF-9ED12BEEC409}.Debug|x86.ActiveCfg = Debug|Win32
		{094926A4-E663-4A62-BCFF-9ED12BEEC409}.Debug|x86.Build.0 = Debug|Win32
		{094926A4-E663-4A62-BCFF-9ED12BEEC409}.Release|x64.ActiveCfg = Release|x64
		{094926A4-E663-4A62-BCFF-9ED12BEEC409}.Release|x64.Build.0 = Release|x64
		{094926A4-E663-4A62-BCFF-9ED12BEEC409}.Release|x86.ActiveCfg = Release|Win32
		{094926A4-E663-4A62-BCFF-9ED12BEEC409}.Release|x86.Build.0 = Release|Win32
		{84C57AA8-AD4E-4077-A6F0-0C63D07AA105}.Debug|x64.ActiveCfg = Debug|x64
		{84C57AA8-AD4E-4077-A6F0-0C63D07AA105}.Debug|x64.Build.0 = Debug|x64
		{84C57AA8-AD4E-4077-A6F0-0C63D07AA105}.Debug|x86.ActiveCfg = Debug|Win32
		{84C57AA8-AD4E-4077-A6F0-0C63D07AA105}.Debug|x86.Build.0 = Debug|Win32
		{84C57AA8-AD4E-4077-A6F0-0C63D07AA105}.Release|x64.ActiveCfg = Release|x64
		{84C57AA8-AD4E-4077-A6F0-0C63D07AA105}.Release|x64.Build.0 = Release|x64
		{84C57AA8-AD4E-4077-A6F0-0C63D07AA105}.Release|x86.ActiveCfg = Release|Win32
		{84C57AA8-AD4E-4077-A6F0-0C63D07AA105}.Release|x86.Build.0 = Release|Win32
		{58AC793E-6FA5-46AF-A4DD-983D45AFED9D}.Debug|x64.ActiveCfg = Debug|x64
		{58AC793E-6FA5-46AF-A4DD-983D45AFED9D}.Debug|x64.Build.0 = Debug|x64
		{58AC793E-6FA5-46AF-A4DD-983D45AFED9D}.Debug|x86.ActiveCfg = Debug|Win32
		{58AC793E-6FA5-46AF-A4DD-983D45AFED9D}.Debug|x86.Build.0 = Debug|Win32
		{58AC793E-6FA5-46AF-A4DD-983D45AFED9D}.Release|x64.ActiveCfg = Release|x64
		{58AC793E-6FA5-46AF-A4DD-983D45AFED9D}.Release|x64.Build.0 = Release|x64
		{58AC793E-6FA5-46AF-A4DD-983D45AFED9D}.Release|x86.ActiveCfg = Release|Win32
		{58AC793E-6FA5-46AF-A4DD-983D45AFED9D}.Release|x86.Build.0 = Release|Win32
		{0B54833A-3357-4DDC-A412-311DC79239D8}.Debug|x64.ActiveCfg = Debug|x64
		{0B54833A-3357-4DDC-A412-311DC79239D8}.Debug|x64.Build.0 = Debug|x64
		{0B54833A-3357-4DDC-A412-311DC79239D8}.Debug|x86.ActiveCfg = Debug|Win32
		{0B54833A-3357-4DDC-A412-311DC79239D8}.Debug|x86.Build.0 = Debug|Win32
		{0B54833A-3357-4DDC-A412-311DC79239D8}.Release|x64.ActiveCfg = Release|x64
		{0B54833A-3357-4DDC-A412-311DC79239D8}.Release|x64.Build.0 = Release|x64
		{0B54833A-3357-4DDC-A412-311DC79239D8}.Release|x86.ActiveCfg = Release|Win32
		{0B54833A-3357-4DDC-A412-311DC79239D8}.Release|x86.Build.0 = Release|Win32
		{1DBC19D1-29A0-4147-8C9A-14F7D943B4AF}.Debug|x64.ActiveCfg = Debug|x64
		{1DBC19D1-29A0-4147-8C9A-14F7D943B4AF}.Debug|x64.Build.0 = Debug|x64
		{1DBC19D1-29A0-4147-8C9A-14F7D943B4AF}.Debug|x86.ActiveCfg = Debug|Win32
		{1DBC19D1-29A0-4147-8C9A-14F7D943B4AF}.Debug|x86.Build.0 = Debug|Win32
		{1DBC19D1-29A0-4147-8C9A-14F7D943B4AF}.Release|x64.ActiveCfg = Release|x64
		{1DBC19D1-29A0-4147-8C9A-14F7D943B4AF}.Release|x64.Build.0 = Release|x64
		{1DBC19D1-29A0-4147-8C9A-14F7D943B4AF}.Release|x86.ActiveCfg = Release|Win32
		{1DBC19D1-29A0-4147-8C9A-14F7D943B4AF}.Release|x86.Build.0 = Release|Win32
		{0D7C3B6C-FE35-44BB-AFC8-8329DC950141}.Debug|x64.ActiveCfg = Debug|x64
		{0D7C3B6C-FE35-44BB-AFC8-8329DC950141}.Debug|x64.Build.0 = Debug|x64
		{0D7C3B6C-FE35-44BB-AFC8-8329DC950141}.Debug|x86.ActiveCfg = Debug|Win32
		{0D7C3B6C-FE35-44BB-AFC8-8329DC950141}.Debug|x86.Build.0 = Debug|Win32
		{0D7C3B6C-FE35-44BB-AFC8-8329DC950141}.Release|x64.ActiveCfg = Release|x64
		{0D7C3B6C-FE35-44BB-AFC8-8329DC950141}.Release|x64.Build.0 = Release|x64
		{0D7C3B6C-FE35-44BB-AFC8-8329DC950141}.Release|x86.ActiveCfg = Release|Win32
		{0D7C3B6C-FE35-44BB-AFC8-8329DC950141}.Release|x86.Build.0 = Release|Win32
		{508C5BBB-1235-4851-A55E-BAFE9D6EC716}.Debug|x64.ActiveCfg = Debug|x64
		{508C5BBB-1235-4851-A55E-BAFE9D6EC716}.Debug|x64.Build.0 = Debug|x64
		{508C5BBB-1235-4851-A55E-BAFE9D6EC716}.Debug|x86.ActiveCfg = Debug|Win32
		{508C5BBB-1235-4851-A55E-BAFE9D6EC716}.Debug|x86.Build.0 = Debug|Win32
		{508C5BBB-1235-4851-A55E-BAFE9D6EC716}.Release|x64.ActiveCfg = Release|x64
		{508C5BBB-1235-4851-A55E-BAFE9D6EC716}.Release|x64.Build.0 = Release|x64
		{508C5BBB-1235-4851-A55E-BAFE9D6EC716}.Release|x86.ActiveCfg = Release|Win32
		{508C5BBB-1235-4851-A55E-BAFE9D6EC716}.Release|x86.Build.0 = Release|Win32
		{8EDB59CC-182E-47B4-8602-7115B513780C}.Debug|x64.ActiveCfg = Debug|x64
		{8EDB59CC-182E-47B4-8602-7115B513780C}.Debug|x64.Build.0 = Debug|x64
		{8EDB59CC-182E-47B4-8602-7115B513780C}.Debug|x86.ActiveCfg = Debug|Win32
		{8EDB59CC-182E-47B4-8602-7115B513780C}.Debug|x86.Build.0 = Debug|Win32
		{8EDB59CC-182E-47B4-8602-7115B513780C}.Release|x64.ActiveCfg = Release|x64
		{8EDB59CC-182E-47B4-8602-7115B513780C}.Release|x64.Build.0 = Release|x64
		{8EDB59CC-182E-47B4-8602-7115B513780C}.Release|x86.ActiveCfg = Release|Win32
		{8EDB59CC-182E-47B4-8602-7115B513780C}.Release|x86.Build.0 = Release|Win32
		{58D04A54-74EE-479B-9A0D-D70A4811C4D2}.Debug|x64.ActiveCfg = Debug|x64
		{58D04A54-74EE-479B-9A0D-D70A4811C4D2}.Debug|x64.Build.0 = Debug|x64
		{58D04A54-74EE-479B-9A0D-D70A4811C4D2}.Debug|x86.ActiveCfg = Debug|Win32
		{58D04A54-74EE-479B-9A0D-D70A4811C4D2}.Debug|x86.Build.0 = Debug|Win32
		{58D04A54-74EE-479B-9A0D-D70A4811C4D2}.Release|x64.ActiveCfg = Release|x64
		{58D04A54-74EE-479B-9A0D-D70A4811C4D2}.Release|x64.Build.0 = Release|x64
		{58D04A54-74EE-479B-9A0D-D70A4811C4D2}.Release|x86.ActiveCfg = Release|Win32
		{58D04A54-74EE-479B-9A0D-D70A4811C4D2}.Release|x86.Build.0 = Release|Win32
		{E983FD2B-37EB-4F3A-B264-37401BBEB565}.Debug|x64.ActiveCfg = Debug|x64
		{E983FD2B-37EB-4F3A-B264-37401BBEB565}.Debug|x64.Build.0 = Debug|x64
		{E983FD2B-37EB-4F3A-B264-37401BBEB565}.Debug|x86.ActiveCfg = Debug|Win32
		{E983FD2B-37EB-4F3A-B264-37401BBEB565}.Debug|x86.Build.0 = Debug|Win32
		{E983FD2B-37EB-4F3A-B264-37401BBEB565}.Release|x64.ActiveCfg = Release|x64
		{E983FD2B-37EB-4F3A-B264-37401BBEB565}.Release|x64.Build.0 = Release|x64
		{E983FD2B-37EB-4F3A-B264-37401BBEB565}.Release|x86.ActiveCfg = Release|Win32
		{E983FD2B-37EB-4F3A-B264-37401BBEB565}.Release|x86.Build.0 = Release|Win32
		{F158AA5F-8EC3-4C45-916E-370F41781F75}.Debug|x64.ActiveCfg = Debug|x64
		{F158AA5F-8EC3-4C45-916E-370F41781F75}.Debug|x64.Build.0 = Debug|x64
		{F158AA5F-8EC3-4C45-916E-370F41781F75}.Debug|x86.ActiveCfg = Debug|Win32
		{F158AA5F-8EC3-4C45-916E-370F41781F75}.Debug|x86.Build.0 = Debug|Win32
		{F158AA5F-8EC3-4C45-916E-370F41781F75}.Release|x64.ActiveCfg = Release|x64
		{F158AA5F-8EC3-4C45-916E-370F41781F75}.Release|x64.Build.0 = Release|x64
		{F158AA5F-8EC3-4C45-916E-370F41781F75}.Release|x86.ActiveCfg = Release|Win32
		{F158AA5F-8EC3-4C45-916E-370F41781F75}.Release|x86.Build.0 = Release|Win32
		{A915B55B-B692-42A1-8575-C15FE8374942}.Debug|x64.ActiveCfg = Debug|x64
		{A915B55B-B692-42A1-8575-C15FE8374942}.Debug|x64.Build.0 = Debug|x64
		{A915B55B-B692-42A1-8575-C15FE8374942}.Debug|x86.ActiveCfg = Debug|Win32
		{A915B55B-B692-42A1-8575-C15FE8374942}.Debug|x86.Build.0 = Debug|Win32
		{A915B55B-B692-42A1-8575-C15FE8374942}.Release|x64.ActiveCfg = Release|x64
		{A915B55B-B692-42A1-8575-C15FE8374942}.Release|x64.Build.0 = Release|x64
		{A915B55B-B692-42A1-8575-C15FE8374942}.Release|x86.ActiveCfg = Release|Win32
		{A915B55B-B692-42A1-8575-C15FE8374942}.Release|x86.Build.0 = Release|Win32
		{68FB13AD-079D-487B-9405-58868A1A6D8C}.Debug|x64.ActiveCfg = Debug|x64
		{68FB13AD-079D-487B-9405-58868A1A6D8C}.Debug|x64.Build.0 = Debug|x64
		{68FB13AD-079D-487B-9405-58868A1A6D8C}.Debug|x86.ActiveCfg = Debug|Win32
		{68FB13AD-079D-487B-9405-58868A1A6D8C}.Debug|x86.Build.0 = Debug|Win32
		{68FB13AD-079D-487B-9405-58868A1A6D8C}.Release|x64.ActiveCfg = Release|x64
		{68FB13AD-079D-487B-9405-58868A1A6D8C}.Release|x64.Build.0 = Release|x64
		{68FB13AD-079D-487B-9405-58868A1A6D8C}.Release|x86.ActiveCfg = Release|Win32
		{68FB13AD-079D-487B-9405-58868A1A6D8C}.Release|x86.Build.0 = Release|Win32
		{E094BD69-59B8-4A95-B923-11D7FB0D04BE}.Debug|x64.ActiveCfg = Debug|x64
		{E094BD69-59B8-4A95-B923-11D7FB0D04BE}.Debug|x64.Build.0 = Debug|x64
		{E094BD69-59B8-4A95-B923-11D7FB0D04BE}.Debug|x86.ActiveCfg = Debug|Win32
		{E094BD69-59B8-4A95-B923-11D7FB0D04BE}.Debug|x86.Build.0 = Debug|Win32
		{E094BD69-59B8-4A95-B923-11D7FB0D04BE}.Release|x64.ActiveCfg = Release|x64
		{E094BD69-59B8-4A95-B923-11D7FB0D04BE}.Release|x64.Build.0 = Release|x64
		{E094BD69-59B8-4A95-B923-11D7FB0D04BE}.Release|x86.ActiveCfg = Release|Win32
		{E094BD69-59B8-4A95-B923-11D7FB0D04BE}.Release|x86.Build.0 = Release|Win32
		{58EFAA40-E269-4EF4-9092-B475277BA5C6}.Debug|x64.ActiveCfg = Debug|x64
		{58EFAA40-E269-4EF4-9092-B475277BA5C6}.Debug|x64.Build.0 = Debug|x64
		{58EFAA40-E269-4EF4-9092-B475277BA5C6}.Debug|x86.ActiveCfg = Debug|Win32
		{58EFAA40-E269-4EF4-9092-B475277BA5C6}.Debug|x86.Build.0 = Debug|Win32
		{58EFAA40-E269-4EF4-9092-B475277BA5C6}.Release|x64.ActiveCfg = Release|x64
		{58EFAA40-E269-4EF4-9092-B475277BA5C6}.Release|x64.Build.0 = Release|x64
		{58EFAA40-E269-4EF4-9092-B475277BA5C6}.Release|x86.ActiveCfg = Release|Win32
		{58EFAA40-E269-4EF4-9092-B475277BA5C6}.Release|x86.Build.0 = Release|Win32
		{B9CB039F-F42D-4038-B4FB-799E1C38898C}.Debug|x64.ActiveCfg = Debug|x64
		{B9CB039F-F42D-4038-B4FB-799E1C38898C}.Debug|x64.Build.0 = Debug|x64
		{B9CB039F-F42D-4038-B4FB-799E1C38898C}.Debug|x86.ActiveCfg = Debug|Win32
		{B9CB039F-F42D-4038-B4FB-799E1C38898C}.Debug|x86.Build.0 = Debug|Win32
		{B9CB039F-F42D-4038-B4FB-799E1C38898C}.Release|x64.ActiveCfg = Release|x64
		{B9CB039F-F42D-4038-B4FB-799E1C38898C}.Release|x64.Build.0 = Release|x64
		{B9CB039F-F42D-4038-B4FB-799E1C38898C}.Release|x86.ActiveCfg = Release|Win32
		{B9CB039F-F42D-4038-B4FB-799E1C38898C}.Release|x86.Build.0 = Release|Win32
		{373A18D5-301B-4CAD-BFE7-54A88A349152}.Debug|x64.ActiveCfg = Debug|x64
		{373A18D5-301B-4CAD-BFE7-54A88A349152}.Debug|x64.Build.0 = Debug|x64
		{373A18D5-301B-4CAD-BFE7-54A88A349152}.Debug|x86.ActiveCfg = Debug|Win32
		{373A18D5-301B-4CAD-BFE7-54A88A349152}.Debug|x86.Build.0 = Debug|Win32
		{373A18D5-301B-4CAD-BFE7-54A88A349152}.Release|x64.ActiveCfg = Release|x64
		{373A18D5-301B-4CAD-BFE7-54A88A349152}.Release|x64.Build.0 = Release|x64
		{373A18D5-301B-4CAD-BFE7-54A88A349152}.Release|x86.ActiveCfg = Release|Win32
		{373A18D5-301B-4CAD-BFE7-54A88A349152}.Release|x86.Build.0 = Release|Win32
		{BC0B50C7-4929-4C7B-8950-D641174C91C6}.Debug|x64.ActiveCfg = Debug|x64
		{BC0B50C7-4929-4C7B-8950-D641174C91C6}.Debug|x64.Build.0 = Debug|x64
		{BC0B50C7-4929-4C7B-8950-D641174C91C6}.Debug|x86.ActiveCfg = Debug|Win32
		{BC0B50C7-4929-4C7B-8950-D641174C91C6}.Debug|x86.Build.0 = Debug|Win32
		{BC0B50C7-4929-4C7B-8950-D641174C91C6}.Release|x64.ActiveCfg = Release|x64
		{BC0B50C7-4929-4C7B-8950-D641174C91C6}.Release|x64.Build.0 = Release|x64
		{BC0B50C7-4929-4C7B-8950-D641174C91C6}.Release|x86.ActiveCfg = Release|Win32
		{BC0B50C7-4929-4C7B-8950-D641174C91C6}.Release|x86.Build.0 = Release|Win32
		{8BA84C84-B2A0-429B-95CE-EE1D3584BCE1}.Debug|x64.ActiveCfg = Debug|x64
		{8BA84C84-B2A0-429B-95CE-EE1D3584BCE1}.Debug|x64.Build.0 = Debug|x64
		{8BA84C84-B2A0-429B-95CE-EE1D3584BCE1}.Debug|x86.ActiveCfg = Debug|Win32
		{8BA84C84-B2A0-429B-95CE-EE1D3584BCE1}.Debug|x86.Build.0 = Debug|Win32
		{8BA84C84-B2A0-429B-95CE-EE1D3584BCE1}.Release|x64.ActiveCfg = Release|x64
		{8BA84C84-B2A0-429B-95CE-EE1D3584BCE1}.Release|x64.Build.0 = Release|x64
		{8BA84C84-B2A0-429B-95CE-EE1D3584BCE1}.Release|x86.ActiveCfg = Release|Win32
		{8BA84C84-B2A0-429B-95CE-EE1D3584BCE1}.Release|x86.Build.0 = Release|Win32
	EndGlobalSection
	GlobalSection(SolutionProperties) = preSolution
		HideSolutionNode = FALSE
	EndGlobalSection
	GlobalSection(ExtensibilityGlobals) = postSolution
		SolutionGuid = {7ACD4862-70C6-40EA-B0C4-C8CA64EAE78D}
	EndGlobalSection
EndGlobal
